# This file is automatically @generated by Cargo.
# It is not intended for manual editing.
version = 3

[[package]]
name = "chamber_analyzer"
version = "0.1.0"
dependencies = [
 "chamber_ast",
 "chamber_diagnostics",
 "chamber_parser",
 "chamber_text_size",
]

[[package]]
name = "chamber_ast"
version = "0.1.0"
dependencies = [
 "chamber_text_size",
]

[[package]]
name = "chamber_cli"
version = "0.1.0"
dependencies = [
 "chamber_analyzer",
 "chamber_diagnostics",
 "chamber_parser",
]

[[package]]
name = "chamber_cst"
version = "0.1.0"
dependencies = [
 "chamber_syntax",
 "chamber_text_size",
]

[[package]]
name = "chamber_diagnostics"
version = "0.1.0"
dependencies = [
 "chamber_text_size",
]

[[package]]
name = "chamber_formatter"
version = "0.1.0"
dependencies = [
 "chamber_cst",
 "chamber_parser",
 "chamber_syntax",
 "chamber_text_size",
]

[[package]]
name = "chamber_lexer"
version = "0.1.0"
dependencies = [
 "chamber_cst",
 "chamber_syntax",
 "chamber_text_size",
]

[[package]]
name = "chamber_parser"
version = "0.1.0"
dependencies = [
 "chamber_ast",
 "chamber_cst",
 "chamber_diagnostics",
 "chamber_lexer",
 "chamber_syntax",
 "chamber_text_size",
]

[[package]]
name = "chamber_syntax"
version = "0.1.0"
dependencies = [
 "chamber_text_size",
]

[[package]]
name = "chamber_text_size"
version = "0.1.0"
